// !$*UTF8*$!
{
	archiveVersion = 1;
	classes = {
	};
	objectVersion = 77;
	objects = {

/* Begin PBXBuildFile section */
		0E4E958EE8D9DECB8A2FE2A0 /* ImmersiveWalkLaunchView.swift in Sources */ = {isa = PBXBuildFile; fileRef = 676315C57A4D2195A686539F /* ImmersiveWalkLaunchView.swift */; };
		1B35E632BB0A2A3B1190BA58 /* ImmersiveWalkSpaceView.swift in Sources */ = {isa = PBXBuildFile; fileRef = ABAFE75E114F168E2E72CC5A /* ImmersiveWalkSpaceView.swift */; };
		36DD585A85BA09AF7A61E69E /* SpatialRehabApp.swift in Sources */ = {isa = PBXBuildFile; fileRef = C9AE989B0C480CCD0B1584CD /* SpatialRehabApp.swift */; };
		5BBE385D30AD9D5118085EF5 /* hummingbird_anim.usdz in Resources */ = {isa = PBXBuildFile; fileRef = EFC89DBD2AFF6B2826035D59 /* hummingbird_anim.usdz */; };
		5FBD6B0192FBDE81640016AD /* TrafficLightVolumeView.swift in Sources */ = {isa = PBXBuildFile; fileRef = D1A3F11CC10204EA1A164B96 /* TrafficLightVolumeView.swift */; };
		61372AEB7E8BA1D70314DA95 /* YishunWalkView.swift in Sources */ = {isa = PBXBuildFile; fileRef = 2F5CE5F9340AB0CB5104B43E /* YishunWalkView.swift */; };
		68113A4B620EE004420BCDC3 /* CrossingPromptView.swift in Sources */ = {isa = PBXBuildFile; fileRef = E2D62AFA1DD5BF6E839481FF /* CrossingPromptView.swift */; };
		796CBC300DBCC55C1CFDB7CF /* YishunRoute.swift in Sources */ = {isa = PBXBuildFile; fileRef = C360009BCC0CFBD18D693EAD /* YishunRoute.swift */; };
		7B83FB438E2D009FFF470F4B /* ImmersivePathWorld.swift in Sources */ = {isa = PBXBuildFile; fileRef = 0B47685BFEE4EE64438AE815 /* ImmersivePathWorld.swift */; };
		8BCA3ABCA269D3CDE14285A2 /* TrafficLightEntity.swift in Sources */ = {isa = PBXBuildFile; fileRef = E6AB7C72B9B7EAB6B56143ED /* TrafficLightEntity.swift */; };
		96D25EA543B6E6B0F48977B9 /* ContentView.swift in Sources */ = {isa = PBXBuildFile; fileRef = DC95DF015FBB8EFEE7176499 /* ContentView.swift */; };
		9AFF90EDFC6A5ACA57AF9B47 /* ImmersiveWalkSession.swift in Sources */ = {isa = PBXBuildFile; fileRef = 69A32CE1D1BB90C4FDA2E013 /* ImmersiveWalkSession.swift */; };
		A0430EE433764CBAA4F31601 /* TrafficLightState.swift in Sources */ = {isa = PBXBuildFile; fileRef = B6756A4FD21EB1D944B71577 /* TrafficLightState.swift */; };
		A2F1E47DB8B41F31B9DB8496 /* HummingbirdVolumeView.swift in Sources */ = {isa = PBXBuildFile; fileRef = 12013D1193F0BFF634D1024E /* HummingbirdVolumeView.swift */; };
		ACB7B9A4B2092AFB91C28721 /* LookAroundWalkPanel.swift in Sources */ = {isa = PBXBuildFile; fileRef = 7B4E2F701DBF0213EB7A214D /* LookAroundWalkPanel.swift */; };
		B6300836AD45996D388E7D28 /* Assets.xcassets in Resources */ = {isa = PBXBuildFile; fileRef = DBDA8CF88DD6BAFD1D34E797 /* Assets.xcassets */; };
		BB6D4F21F26FA5AA3FB272EC /* TrafficLightPOI.swift in Sources */ = {isa = PBXBuildFile; fileRef = 569721C50B2FD450ADBC4C76 /* TrafficLightPOI.swift */; };
		D39966479993C1D060F54D33 /* StepListView.swift in Sources */ = {isa = PBXBuildFile; fileRef = 7B0EE21C76AFD667D79A661A /* StepListView.swift */; };
		D9C21067ABFBCDD4BE94C201 /* YishunRouteMapView.swift in Sources */ = {isa = PBXBuildFile; fileRef = 6562B129EDE66675D82C75DA /* YishunRouteMapView.swift */; };
		EA4B3DFB717053C7ACC91B21 /* WalkSessionModel.swift in Sources */ = {isa = PBXBuildFile; fileRef = E58B612AC39DE0A9E74E15C7 /* WalkSessionModel.swift */; };
		F0A32517AAB210DE5EC76007 /* HandPinchLocomotion.swift in Sources */ = {isa = PBXBuildFile; fileRef = 915AF5C7EF517CCE3C3CC799 /* HandPinchLocomotion.swift */; };
/* End PBXBuildFile section */

/* Begin PBXFileReference section */
		0B47685BFEE4EE64438AE815 /* ImmersivePathWorld.swift */ = {isa = PBXFileReference; lastKnownFileType = sourcecode.swift; path = ImmersivePathWorld.swift; sourceTree = "<group>"; };
		12013D1193F0BFF634D1024E /* HummingbirdVolumeView.swift */ = {isa = PBXFileReference; lastKnownFileType = sourcecode.swift; path = HummingbirdVolumeView.swift; sourceTree = "<group>"; };
		2CA909666A1E57D05F864904 /* Info.plist */ = {isa = PBXFileReference; lastKnownFileType = text.plist; path = Info.plist; sourceTree = "<group>"; };
		2F5CE5F9340AB0CB5104B43E /* YishunWalkView.swift */ = {isa = PBXFileReference; lastKnownFileType = sourcecode.swift; path = YishunWalkView.swift; sourceTree = "<group>"; };
		569721C50B2FD450ADBC4C76 /* TrafficLightPOI.swift */ = {isa = PBXFileReference; lastKnownFileType = sourcecode.swift; path = TrafficLightPOI.swift; sourceTree = "<group>"; };
		5BA81EF00053FE815B5B6407 /* SpatialRehab.app */ = {isa = PBXFileReference; includeInIndex = 0; lastKnownFileType = wrapper.application; path = SpatialRehab.app; sourceTree = BUILT_PRODUCTS_DIR; };
		6562B129EDE66675D82C75DA /* YishunRouteMapView.swift */ = {isa = PBXFileReference; lastKnownFileType = sourcecode.swift; path = YishunRouteMapView.swift; sourceTree = "<group>"; };
		676315C57A4D2195A686539F /* ImmersiveWalkLaunchView.swift */ = {isa = PBXFileReference; lastKnownFileType = sourcecode.swift; path = ImmersiveWalkLaunchView.swift; sourceTree = "<group>"; };
		69A32CE1D1BB90C4FDA2E013 /* ImmersiveWalkSession.swift */ = {isa = PBXFileReference; lastKnownFileType = sourcecode.swift; path = ImmersiveWalkSession.swift; sourceTree = "<group>"; };
		7B0EE21C76AFD667D79A661A /* StepListView.swift */ = {isa = PBXFileReference; lastKnownFileType = sourcecode.swift; path = StepListView.swift; sourceTree = "<group>"; };
		7B4E2F701DBF0213EB7A214D /* LookAroundWalkPanel.swift */ = {isa = PBXFileReference; lastKnownFileType = sourcecode.swift; path = LookAroundWalkPanel.swift; sourceTree = "<group>"; };
		915AF5C7EF517CCE3C3CC799 /* HandPinchLocomotion.swift */ = {isa = PBXFileReference; lastKnownFileType = sourcecode.swift; path = HandPinchLocomotion.swift; sourceTree = "<group>"; };
		ABAFE75E114F168E2E72CC5A /* ImmersiveWalkSpaceView.swift */ = {isa = PBXFileReference; lastKnownFileType = sourcecode.swift; path = ImmersiveWalkSpaceView.swift; sourceTree = "<group>"; };
		B6756A4FD21EB1D944B71577 /* TrafficLightState.swift */ = {isa = PBXFileReference; lastKnownFileType = sourcecode.swift; path = TrafficLightState.swift; sourceTree = "<group>"; };
		C360009BCC0CFBD18D693EAD /* YishunRoute.swift */ = {isa = PBXFileReference; lastKnownFileType = sourcecode.swift; path = YishunRoute.swift; sourceTree = "<group>"; };
		C9AE989B0C480CCD0B1584CD /* SpatialRehabApp.swift */ = {isa = PBXFileReference; lastKnownFileType = sourcecode.swift; path = SpatialRehabApp.swift; sourceTree = "<group>"; };
		D1A3F11CC10204EA1A164B96 /* TrafficLightVolumeView.swift */ = {isa = PBXFileReference; lastKnownFileType = sourcecode.swift; path = TrafficLightVolumeView.swift; sourceTree = "<group>"; };
		DBDA8CF88DD6BAFD1D34E797 /* Assets.xcassets */ = {isa = PBXFileReference; lastKnownFileType = folder.assetcatalog; path = Assets.xcassets; sourceTree = "<group>"; };
		DC95DF015FBB8EFEE7176499 /* ContentView.swift */ = {isa = PBXFileReference; lastKnownFileType = sourcecode.swift; path = ContentView.swift; sourceTree = "<group>"; };
		E2D62AFA1DD5BF6E839481FF /* CrossingPromptView.swift */ = {isa = PBXFileReference; lastKnownFileType = sourcecode.swift; path = CrossingPromptView.swift; sourceTree = "<group>"; };
		E58B612AC39DE0A9E74E15C7 /* WalkSessionModel.swift */ = {isa = PBXFileReference; lastKnownFileType = sourcecode.swift; path = WalkSessionModel.swift; sourceTree = "<group>"; };
		E6AB7C72B9B7EAB6B56143ED /* TrafficLightEntity.swift */ = {isa = PBXFileReference; lastKnownFileType = sourcecode.swift; path = TrafficLightEntity.swift; sourceTree = "<group>"; };
		EFC89DBD2AFF6B2826035D59 /* hummingbird_anim.usdz */ = {isa = PBXFileReference; lastKnownFileType = file.usdz; path = hummingbird_anim.usdz; sourceTree = "<group>"; };
/* End PBXFileReference section */

/* Begin PBXGroup section */
		355805DB59696D530ECC91AC /* Immersive */ = {
			isa = PBXGroup;
			children = (
				915AF5C7EF517CCE3C3CC799 /* HandPinchLocomotion.swift */,
				0B47685BFEE4EE64438AE815 /* ImmersivePathWorld.swift */,
				676315C57A4D2195A686539F /* ImmersiveWalkLaunchView.swift */,
				69A32CE1D1BB90C4FDA2E013 /* ImmersiveWalkSession.swift */,
				ABAFE75E114F168E2E72CC5A /* ImmersiveWalkSpaceView.swift */,
			);
			path = Immersive;
			sourceTree = "<group>";
		};
		37739F2A6F20F10CB372D679 /* YishunWalk */ = {
			isa = PBXGroup;
			children = (
				A056704B497E5866AE4A36AA /* Guidance */,
				355805DB59696D530ECC91AC /* Immersive */,
				7F34E75E6A9E7F4B0233B12C /* LookAround */,
				D8F87B2A9B37C95C6CE992E8 /* Map */,
				A6FE6F79FA8C0AF73FADA4E9 /* Reality */,
				569721C50B2FD450ADBC4C76 /* TrafficLightPOI.swift */,
				B6756A4FD21EB1D944B71577 /* TrafficLightState.swift */,
				E58B612AC39DE0A9E74E15C7 /* WalkSessionModel.swift */,
				C360009BCC0CFBD18D693EAD /* YishunRoute.swift */,
				2F5CE5F9340AB0CB5104B43E /* YishunWalkView.swift */,
			);
			path = YishunWalk;
			sourceTree = "<group>";
		};
		73FDC45FD292CED0C925D7FD = {
			isa = PBXGroup;
			children = (
				BEA191256B2FBC841F5D2087 /* SpatialRehab */,
				C431894527055F69A1655A24 /* Products */,
			);
			sourceTree = "<group>";
		};
		7F34E75E6A9E7F4B0233B12C /* LookAround */ = {
			isa = PBXGroup;
			children = (
				7B4E2F701DBF0213EB7A214D /* LookAroundWalkPanel.swift */,
			);
			path = LookAround;
			sourceTree = "<group>";
		};
		A056704B497E5866AE4A36AA /* Guidance */ = {
			isa = PBXGroup;
			children = (
				E2D62AFA1DD5BF6E839481FF /* CrossingPromptView.swift */,
				7B0EE21C76AFD667D79A661A /* StepListView.swift */,
			);
			path = Guidance;
			sourceTree = "<group>";
		};
		A6FE6F79FA8C0AF73FADA4E9 /* Reality */ = {
			isa = PBXGroup;
			children = (
				E6AB7C72B9B7EAB6B56143ED /* TrafficLightEntity.swift */,
				D1A3F11CC10204EA1A164B96 /* TrafficLightVolumeView.swift */,
			);
			path = Reality;
			sourceTree = "<group>";
		};
		BEA191256B2FBC841F5D2087 /* SpatialRehab */ = {
			isa = PBXGroup;
			children = (
				37739F2A6F20F10CB372D679 /* YishunWalk */,
				DBDA8CF88DD6BAFD1D34E797 /* Assets.xcassets */,
				DC95DF015FBB8EFEE7176499 /* ContentView.swift */,
				EFC89DBD2AFF6B2826035D59 /* hummingbird_anim.usdz */,
				12013D1193F0BFF634D1024E /* HummingbirdVolumeView.swift */,
				2CA909666A1E57D05F864904 /* Info.plist */,
				C9AE989B0C480CCD0B1584CD /* SpatialRehabApp.swift */,
			);
			path = SpatialRehab;
			sourceTree = "<group>";
		};
		C431894527055F69A1655A24 /* Products */ = {
			isa = PBXGroup;
			children = (
				5BA81EF00053FE815B5B6407 /* SpatialRehab.app */,
			);
			name = Products;
			sourceTree = "<group>";
		};
		D8F87B2A9B37C95C6CE992E8 /* Map */ = {
			isa = PBXGroup;
			children = (
				6562B129EDE66675D82C75DA /* YishunRouteMapView.swift */,
			);
			path = Map;
			sourceTree = "<group>";
		};
/* End PBXGroup section */

/* Begin PBXNativeTarget section */
		9C43EF49CEE355740DBB0D6E /* SpatialRehab */ = {
			isa = PBXNativeTarget;
			buildConfigurationList = 3C0922631C7A3EAC59609D45 /* Build configuration list for PBXNativeTarget "SpatialRehab" */;
			buildPhases = (
				D18BA72C580C8F95FD95F995 /* Sources */,
				0752E2815902FCF3AC360FBB /* Resources */,
			);
			buildRules = (
			);
			dependencies = (
			);
			name = SpatialRehab;
			packageProductDependencies = (
			);
			productName = SpatialRehab;
			productReference = 5BA81EF00053FE815B5B6407 /* SpatialRehab.app */;
			productType = "com.apple.product-type.application";
		};
/* End PBXNativeTarget section */

/* Begin PBXProject section */
		F937610553309D0E4670A574 /* Project object */ = {
			isa = PBXProject;
			attributes = {
				BuildIndependentTargetsInParallel = YES;
				LastUpgradeCheck = 1600;
				TargetAttributes = {
					9C43EF49CEE355740DBB0D6E = {
						DevelopmentTeam = "";
						ProvisioningStyle = Automatic;
					};
				};
			};
			buildConfigurationList = 67F79C485DA71AD79D27FB6B /* Build configuration list for PBXProject "SpatialRehab" */;
			developmentRegion = en;
			hasScannedForEncodings = 0;
			knownRegions = (
				Base,
				en,
			);
			mainGroup = 73FDC45FD292CED0C925D7FD;
			minimizedProjectReferenceProxies = 1;
			preferredProjectObjectVersion = 77;
			productRefGroup = C431894527055F69A1655A24 /* Products */;
			projectDirPath = "";
			projectRoot = "";
			targets = (
				9C43EF49CEE355740DBB0D6E /* SpatialRehab */,
			);
		};
/* End PBXProject section */

/* Begin PBXResourcesBuildPhase section */
		0752E2815902FCF3AC360FBB /* Resources */ = {
			isa = PBXResourcesBuildPhase;
			buildActionMask = 2147483647;
			files = (
				B6300836AD45996D388E7D28 /* Assets.xcassets in Resources */,
				5BBE385D30AD9D5118085EF5 /* hummingbird_anim.usdz in Resources */,
			);
			runOnlyForDeploymentPostprocessing = 0;
		};
/* End PBXResourcesBuildPhase section */

/* Begin PBXSourcesBuildPhase section */
		D18BA72C580C8F95FD95F995 /* Sources */ = {
			isa = PBXSourcesBuildPhase;
			buildActionMask = 2147483647;
			files = (
				96D25EA543B6E6B0F48977B9 /* ContentView.swift in Sources */,
				68113A4B620EE004420BCDC3 /* CrossingPromptView.swift in Sources */,
				F0A32517AAB210DE5EC76007 /* HandPinchLocomotion.swift in Sources */,
				A2F1E47DB8B41F31B9DB8496 /* HummingbirdVolumeView.swift in Sources */,
				7B83FB438E2D009FFF470F4B /* ImmersivePathWorld.swift in Sources */,
				0E4E958EE8D9DECB8A2FE2A0 /* ImmersiveWalkLaunchView.swift in Sources */,
				9AFF90EDFC6A5ACA57AF9B47 /* ImmersiveWalkSession.swift in Sources */,
				1B35E632BB0A2A3B1190BA58 /* ImmersiveWalkSpaceView.swift in Sources */,
				ACB7B9A4B2092AFB91C28721 /* LookAroundWalkPanel.swift in Sources */,
				36DD585A85BA09AF7A61E69E /* SpatialRehabApp.swift in Sources */,
				D39966479993C1D060F54D33 /* StepListView.swift in Sources */,
				8BCA3ABCA269D3CDE14285A2 /* TrafficLightEntity.swift in Sources */,
				BB6D4F21F26FA5AA3FB272EC /* TrafficLightPOI.swift in Sources */,
				A0430EE433764CBAA4F31601 /* TrafficLightState.swift in Sources */,
				5FBD6B0192FBDE81640016AD /* TrafficLightVolumeView.swift in Sources */,
				EA4B3DFB717053C7ACC91B21 /* WalkSessionModel.swift in Sources */,
				796CBC300DBCC55C1CFDB7CF /* YishunRoute.swift in Sources */,
				D9C21067ABFBCDD4BE94C201 /* YishunRouteMapView.swift in Sources */,
				61372AEB7E8BA1D70314DA95 /* YishunWalkView.swift in Sources */,
			);
			runOnlyForDeploymentPostprocessing = 0;
		};
/* End PBXSourcesBuildPhase section */

/* Begin XCBuildConfiguration section */
		178C2D1D30DA5F6CB9084679 /* Debug */ = {
			isa = XCBuildConfiguration;
			buildSettings = {
				ALWAYS_SEARCH_USER_PATHS = NO;
				CLANG_ANALYZER_NONNULL = YES;
				CLANG_ANALYZER_NUMBER_OBJECT_CONVERSION = YES_AGGRESSIVE;
				CLANG_CXX_LANGUAGE_STANDARD = "gnu++14";
				CLANG_CXX_LIBRARY = "libc++";
				CLANG_ENABLE_MODULES = YES;
				CLANG_ENABLE_OBJC_ARC = YES;
				CLANG_ENABLE_OBJC_WEAK = YES;
				CLANG_WARN_BLOCK_CAPTURE_AUTORELEASING = YES;
				CLANG_WARN_BOOL_CONVERSION = YES;
				CLANG_WARN_COMMA = YES;
				CLANG_WARN_CONSTANT_CONVERSION = YES;
				CLANG_WARN_DEPRECATED_OBJC_IMPLEMENTATIONS = YES;
				CLANG_WARN_DIRECT_OBJC_ISA_USAGE = YES_ERROR;
				CLANG_WARN_DOCUMENTATION_COMMENTS = YES;
				CLANG_WARN_EMPTY_BODY = YES;
				CLANG_WARN_ENUM_CONVERSION = YES;
				CLANG_WARN_INFINITE_RECURSION = YES;
				CLANG_WARN_INT_CONVERSION = YES;
				CLANG_WARN_NON_LITERAL_NULL_CONVERSION = YES;
				CLANG_WARN_OBJC_IMPLICIT_RETAIN_SELF = YES;
				CLANG_WARN_OBJC_LITERAL_CONVERSION = YES;
				CLANG_WARN_OBJC_ROOT_CLASS = YES_ERROR;
				CLANG_WARN_QUOTED_INCLUDE_IN_FRAMEWORK_HEADER = YES;
				CLANG_WARN_RANGE_LOOP_ANALYSIS = YES;
				CLANG_WARN_STRICT_PROTOTYPES = YES;
				CLANG_WARN_SUSPICIOUS_MOVE = YES;
				CLANG_WARN_UNGUARDED_AVAILABILITY = YES_AGGRESSIVE;
				CLANG_WARN_UNREACHABLE_CODE = YES;
				CLANG_WARN__DUPLICATE_METHOD_MATCH = YES;
				COPY_PHASE_STRIP = NO;
				DEBUG_INFORMATION_FORMAT = dwarf;
				ENABLE_PREVIEWS = YES;
				ENABLE_STRICT_OBJC_MSGSEND = YES;
				ENABLE_TESTABILITY = YES;
				GCC_C_LANGUAGE_STANDARD = gnu11;
				GCC_DYNAMIC_NO_PIC = NO;
				GCC_NO_COMMON_BLOCKS = YES;
				GCC_OPTIMIZATION_LEVEL = 0;
				GCC_PREPROCESSOR_DEFINITIONS = (
					"$(inherited)",
					"DEBUG=1",
				);
				GCC_WARN_64_TO_32_BIT_CONVERSION = YES;
				GCC_WARN_ABOUT_RETURN_TYPE = YES_ERROR;
				GCC_WARN_UNDECLARED_SELECTOR = YES;
				GCC_WARN_UNINITIALIZED_AUTOS = YES_AGGRESSIVE;
				GCC_WARN_UNUSED_FUNCTION = YES;
				GCC_WARN_UNUSED_VARIABLE = YES;
				MTL_ENABLE_DEBUG_INFO = INCLUDE_SOURCE;
				MTL_FAST_MATH = YES;
				ONLY_ACTIVE_ARCH = YES;
				PRODUCT_NAME = "$(TARGET_NAME)";
				SDKROOT = xros;
				SWIFT_ACTIVE_COMPILATION_CONDITIONS = DEBUG;
				SWIFT_OPTIMIZATION_LEVEL = "-Onone";
				SWIFT_VERSION = 5.0;
				TARGETED_DEVICE_FAMILY = 7;
				XROS_DEPLOYMENT_TARGET = 26.0;
			};
			name = Debug;
		};
		39F6267DADB37E7EEE2E658F /* Debug */ = {
			isa = XCBuildConfiguration;
			buildSettings = {
				ASSETCATALOG_COMPILER_APPICON_NAME = AppIcon;
				ASSETCATALOG_COMPILER_GLOBALACCENT_COLOR_NAME = AccentColor;
				CODE_SIGN_STYLE = Automatic;
				CURRENT_PROJECT_VERSION = 1;
				DEVELOPMENT_TEAM = "";
				GENERATE_INFOPLIST_FILE = YES;
				INFOPLIST_FILE = SpatialRehab/Info.plist;
				INFOPLIST_KEY_CFBundleDisplayName = SpatialRehab;
				INFOPLIST_KEY_NSHumanReadableCopyright = "";
				INFOPLIST_KEY_UIApplicationSceneManifest_Generation = YES;
				INFOPLIST_KEY_UILaunchScreen_Generation = YES;
				LD_RUNPATH_SEARCH_PATHS = (
					"$(inherited)",
					"@executable_path/Frameworks",
				);
				MARKETING_VERSION = 1.0;
				PRODUCT_BUNDLE_IDENTIFIER = com.spatialrehab.SpatialRehab;
				PRODUCT_NAME = SpatialRehab;
				SDKROOT = xros;
				SWIFT_EMIT_LOC_STRINGS = YES;
				TARGETED_DEVICE_FAMILY = 7;
				XROS_DEPLOYMENT_TARGET = 26.0;
			};
			name = Debug;
		};
		843F50E52C2005C8BA22890A /* Release */ = {
			isa = XCBuildConfiguration;
			buildSettings = {
				ASSETCATALOG_COMPILER_APPICON_NAME = AppIcon;
				ASSETCATALOG_COMPILER_GLOBALACCENT_COLOR_NAME = AccentColor;
				CODE_SIGN_STYLE = Automatic;
				CURRENT_PROJECT_VERSION = 1;
				DEVELOPMENT_TEAM = "";
				GENERATE_INFOPLIST_FILE = YES;
				INFOPLIST_FILE = SpatialRehab/Info.plist;
				INFOPLIST_KEY_CFBundleDisplayName = SpatialRehab;
				INFOPLIST_KEY_NSHumanReadableCopyright = "";
				INFOPLIST_KEY_UIApplicationSceneManifest_Generation = YES;
				INFOPLIST_KEY_UILaunchScreen_Generation = YES;
				LD_RUNPATH_SEARCH_PATHS = (
					"$(inherited)",
					"@executable_path/Frameworks",
				);
				MARKETING_VERSION = 1.0;
				PRODUCT_BUNDLE_IDENTIFIER = com.spatialrehab.SpatialRehab;
				PRODUCT_NAME = SpatialRehab;
				SDKROOT = xros;
				SWIFT_EMIT_LOC_STRINGS = YES;
				TARGETED_DEVICE_FAMILY = 7;
				XROS_DEPLOYMENT_TARGET = 26.0;
			};
			name = Release;
		};
		AE97F7146B8763FE179FC817 /* Release */ = {
			isa = XCBuildConfiguration;
			buildSettings = {
				ALWAYS_SEARCH_USER_PATHS = NO;
				CLANG_ANALYZER_NONNULL = YES;
				CLANG_ANALYZER_NUMBER_OBJECT_CONVERSION = YES_AGGRESSIVE;
				CLANG_CXX_LANGUAGE_STANDARD = "gnu++14";
				CLANG_CXX_LIBRARY = "libc++";
				CLANG_ENABLE_MODULES = YES;
				CLANG_ENABLE_OBJC_ARC = YES;
				CLANG_ENABLE_OBJC_WEAK = YES;
				CLANG_WARN_BLOCK_CAPTURE_AUTORELEASING = YES;
				CLANG_WARN_BOOL_CONVERSION = YES;
				CLANG_WARN_COMMA = YES;
				CLANG_WARN_CONSTANT_CONVERSION = YES;
				CLANG_WARN_DEPRECATED_OBJC_IMPLEMENTATIONS = YES;
				CLANG_WARN_DIRECT_OBJC_ISA_USAGE = YES_ERROR;
				CLANG_WARN_DOCUMENTATION_COMMENTS = YES;
				CLANG_WARN_EMPTY_BODY = YES;
				CLANG_WARN_ENUM_CONVERSION = YES;
				CLANG_WARN_INFINITE_RECURSION = YES;
				CLANG_WARN_INT_CONVERSION = YES;
				CLANG_WARN_NON_LITERAL_NULL_CONVERSION = YES;
				CLANG_WARN_OBJC_IMPLICIT_RETAIN_SELF = YES;
				CLANG_WARN_OBJC_LITERAL_CONVERSION = YES;
				CLANG_WARN_OBJC_ROOT_CLASS = YES_ERROR;
				CLANG_WARN_QUOTED_INCLUDE_IN_FRAMEWORK_HEADER = YES;
				CLANG_WARN_RANGE_LOOP_ANALYSIS = YES;
				CLANG_WARN_STRICT_PROTOTYPES = YES;
				CLANG_WARN_SUSPICIOUS_MOVE = YES;
				CLANG_WARN_UNGUARDED_AVAILABILITY = YES_AGGRESSIVE;
				CLANG_WARN_UNREACHABLE_CODE = YES;
				CLANG_WARN__DUPLICATE_METHOD_MATCH = YES;
				COPY_PHASE_STRIP = NO;
				DEBUG_INFORMATION_FORMAT = "dwarf-with-dsym";
				ENABLE_NS_ASSERTIONS = NO;
				ENABLE_PREVIEWS = YES;
				ENABLE_STRICT_OBJC_MSGSEND = YES;
				GCC_C_LANGUAGE_STANDARD = gnu11;
				GCC_NO_COMMON_BLOCKS = YES;
				GCC_WARN_64_TO_32_BIT_CONVERSION = YES;
				GCC_WARN_ABOUT_RETURN_TYPE = YES_ERROR;
				GCC_WARN_UNDECLARED_SELECTOR = YES;
				GCC_WARN_UNINITIALIZED_AUTOS = YES_AGGRESSIVE;
				GCC_WARN_UNUSED_FUNCTION = YES;
				GCC_WARN_UNUSED_VARIABLE = YES;
				MTL_ENABLE_DEBUG_INFO = NO;
				MTL_FAST_MATH = YES;
				PRODUCT_NAME = "$(TARGET_NAME)";
				SDKROOT = xros;
				SWIFT_COMPILATION_MODE = wholemodule;
				SWIFT_OPTIMIZATION_LEVEL = "-O";
				SWIFT_VERSION = 5.0;
				TARGETED_DEVICE_FAMILY = 7;
				XROS_DEPLOYMENT_TARGET = 26.0;
			};
			name = Release;
		};
/* End XCBuildConfiguration section */

/* Begin XCConfigurationList section */
		3C0922631C7A3EAC59609D45 /* Build configuration list for PBXNativeTarget "SpatialRehab" */ = {
			isa = XCConfigurationList;
			buildConfigurations = (
				39F6267DADB37E7EEE2E658F /* Debug */,
				843F50E52C2005C8BA22890A /* Release */,
			);
			defaultConfigurationIsVisible = 0;
			defaultConfigurationName = Debug;
		};
		67F79C485DA71AD79D27FB6B /* Build configuration list for PBXProject "SpatialRehab" */ = {
			isa = XCConfigurationList;
			buildConfigurations = (
				178C2D1D30DA5F6CB9084679 /* Debug */,
				AE97F7146B8763FE179FC817 /* Release */,
			);
			defaultConfigurationIsVisible = 0;
			defaultConfigurationName = Debug;
		};
/* End XCConfigurationList section */
	};
	rootObject = F937610553309D0E4670A574 /* Project object */;
}
